// !$*UTF8*$!
{
	archiveVersion = 1;
	classes = {
	};
	objectVersion = 46;
	objects = {

/* Begin PBXBuildFile section */
		0752131D3B11170367AAEC93 /* Pods_VuforiaSampleSwift.framework in Frameworks */ = {isa = PBXBuildFile; fileRef = 9F60FACC791D1EB5B9B39220 /* Pods_VuforiaSampleSwift.framework */; };
		416346210B2E4460383F7B00 /* Pods_VuforiaSampleSwift.framework in Frameworks */ = {isa = PBXBuildFile; fileRef = 08901F95E2EAA43CD3208B3C /* Pods_VuforiaSampleSwift.framework */; };
		6317A0411F64678100B5AEAF /* ARManager.swift in Sources */ = {isa = PBXBuildFile; fileRef = 6317A0401F64678100B5AEAF /* ARManager.swift */; };
		63915D3E1F647AAD00A97D84 /* hackbomo-2.xml in Resources */ = {isa = PBXBuildFile; fileRef = 63915D3C1F647AAD00A97D84 /* hackbomo-2.xml */; };
		63915D3F1F647AAD00A97D84 /* hackbomo-2.dat in Resources */ = {isa = PBXBuildFile; fileRef = 63915D3D1F647AAD00A97D84 /* hackbomo-2.dat */; };
		63915D431F64D0BE00A97D84 /* CategoryViewController.swift in Sources */ = {isa = PBXBuildFile; fileRef = 63915D421F64D0BE00A97D84 /* CategoryViewController.swift */; };
		63915D451F64D11C00A97D84 /* IntroViewController.swift in Sources */ = {isa = PBXBuildFile; fileRef = 63915D441F64D11C00A97D84 /* IntroViewController.swift */; };
		63915D471F64D32600A97D84 /* Main.storyboard in Resources */ = {isa = PBXBuildFile; fileRef = 63915D461F64D32600A97D84 /* Main.storyboard */; };
		63915D4A1F64D87800A97D84 /* SquatPop.swift in Sources */ = {isa = PBXBuildFile; fileRef = 63915D491F64D87800A97D84 /* SquatPop.swift */; };
		63915D4C1F64D8C400A97D84 /* JumpPop.swift in Sources */ = {isa = PBXBuildFile; fileRef = 63915D4B1F64D8C400A97D84 /* JumpPop.swift */; };
		63915D4E1F64DACE00A97D84 /* SquatStatsViewController.swift in Sources */ = {isa = PBXBuildFile; fileRef = 63915D4D1F64DACE00A97D84 /* SquatStatsViewController.swift */; };
		63915D501F64E36200A97D84 /* RealmManager.swift in Sources */ = {isa = PBXBuildFile; fileRef = 63915D4F1F64E36200A97D84 /* RealmManager.swift */; };
		63915D541F64F5CD00A97D84 /* HudViewController.swift in Sources */ = {isa = PBXBuildFile; fileRef = 63915D531F64F5CD00A97D84 /* HudViewController.swift */; };
		63915D561F65063F00A97D84 /* Session.swift in Sources */ = {isa = PBXBuildFile; fileRef = 63915D551F65063F00A97D84 /* Session.swift */; };
		63915D611F65111E00A97D84 /* hackbomo-3.xml in Resources */ = {isa = PBXBuildFile; fileRef = 63915D601F65111E00A97D84 /* hackbomo-3.xml */; };
		63915D621F65113A00A97D84 /* hackbomo-3.dat in Resources */ = {isa = PBXBuildFile; fileRef = 63915D5F1F65111800A97D84 /* hackbomo-3.dat */; };
		639D3EE91F60CF210059EF83 /* StonesAndChips.dat in Resources */ = {isa = PBXBuildFile; fileRef = 639D3EE51F60CF210059EF83 /* StonesAndChips.dat */; };
		639D3EEA1F60CF210059EF83 /* StonesAndChips.xml in Resources */ = {isa = PBXBuildFile; fileRef = 639D3EE61F60CF210059EF83 /* StonesAndChips.xml */; };
		639D3EEB1F60CF210059EF83 /* Tarmac.dat in Resources */ = {isa = PBXBuildFile; fileRef = 639D3EE71F60CF210059EF83 /* Tarmac.dat */; };
		639D3EEC1F60CF210059EF83 /* Tarmac.xml in Resources */ = {isa = PBXBuildFile; fileRef = 639D3EE81F60CF210059EF83 /* Tarmac.xml */; };
		639D3EEF1F60CF3A0059EF83 /* IT_about.html in Resources */ = {isa = PBXBuildFile; fileRef = 639D3EED1F60CF3A0059EF83 /* IT_about.html */; };
		639D3EF01F60CF3A0059EF83 /* IT.png in Resources */ = {isa = PBXBuildFile; fileRef = 639D3EEE1F60CF3A0059EF83 /* IT.png */; };
		926096D41D4163B600510C24 /* SpriteKit.framework in Frameworks */ = {isa = PBXBuildFile; fileRef = 926096D31D4163B600510C24 /* SpriteKit.framework */; };
		927B76D71D27FDC600C4F5CC /* AVFoundation.framework in Frameworks */ = {isa = PBXBuildFile; fileRef = 927B76D41D27FDC600C4F5CC /* AVFoundation.framework */; };
		927B76D81D27FDC600C4F5CC /* CoreMotion.framework in Frameworks */ = {isa = PBXBuildFile; fileRef = 927B76D51D27FDC600C4F5CC /* CoreMotion.framework */; };
		927B76DB1D27FDE500C4F5CC /* SceneKit.framework in Frameworks */ = {isa = PBXBuildFile; fileRef = 927B76D91D27FDE500C4F5CC /* SceneKit.framework */; };
		927B76DC1D27FDE500C4F5CC /* SystemConfiguration.framework in Frameworks */ = {isa = PBXBuildFile; fileRef = 927B76DA1D27FDE500C4F5CC /* SystemConfiguration.framework */; };
		927B76DE1D27FE0500C4F5CC /* CoreMedia.framework in Frameworks */ = {isa = PBXBuildFile; fileRef = 927B76DD1D27FE0500C4F5CC /* CoreMedia.framework */; };
		927B76EA1D2806EF00C4F5CC /* VuforiaEAGLView.mm in Sources */ = {isa = PBXBuildFile; fileRef = 927B76E51D2806EF00C4F5CC /* VuforiaEAGLView.mm */; };
		927B76EB1D2806EF00C4F5CC /* VuforiaManager.mm in Sources */ = {isa = PBXBuildFile; fileRef = 927B76E71D2806EF00C4F5CC /* VuforiaManager.mm */; };
		927B76EC1D2806EF00C4F5CC /* VuforiaObjects.mm in Sources */ = {isa = PBXBuildFile; fileRef = 927B76E91D2806EF00C4F5CC /* VuforiaObjects.mm */; };
		927B76FD1D2816DB00C4F5CC /* VuforiaShaderUtils.m in Sources */ = {isa = PBXBuildFile; fileRef = 927B76FC1D2816DB00C4F5CC /* VuforiaShaderUtils.m */; };
		927B77081D2824AB00C4F5CC /* OpenGLES.framework in Frameworks */ = {isa = PBXBuildFile; fileRef = 927B77071D2824AB00C4F5CC /* OpenGLES.framework */; };
		927B77091D282DF100C4F5CC /* AudioToolbox.framework in Frameworks */ = {isa = PBXBuildFile; fileRef = 927B76D31D27FDC600C4F5CC /* AudioToolbox.framework */; };
		927B770B1D282E0A00C4F5CC /* MediaPlayer.framework in Frameworks */ = {isa = PBXBuildFile; fileRef = 927B770A1D282E0A00C4F5CC /* MediaPlayer.framework */; };
		92AA11091D27A5EB00E56CBE /* AppDelegate.swift in Sources */ = {isa = PBXBuildFile; fileRef = 92AA11081D27A5EB00E56CBE /* AppDelegate.swift */; };
		92AA110B1D27A5EB00E56CBE /* ViewController.swift in Sources */ = {isa = PBXBuildFile; fileRef = 92AA110A1D27A5EB00E56CBE /* ViewController.swift */; };
		92AA11101D27A5EB00E56CBE /* Assets.xcassets in Resources */ = {isa = PBXBuildFile; fileRef = 92AA110F1D27A5EB00E56CBE /* Assets.xcassets */; };
		92AA11131D27A5EB00E56CBE /* LaunchScreen.storyboard in Resources */ = {isa = PBXBuildFile; fileRef = 92AA11111D27A5EB00E56CBE /* LaunchScreen.storyboard */; };
		92AA11851D27B96300E56CBE /* Localizable.strings in Resources */ = {isa = PBXBuildFile; fileRef = 92AA11841D27B96300E56CBE /* Localizable.strings */; };
		A96AFF241F64DC0A00303C28 /* vuforia-sdk-ios-6-2-9 in Resources */ = {isa = PBXBuildFile; fileRef = A96AFF231F64DC0A00303C28 /* vuforia-sdk-ios-6-2-9 */; };
		A96AFF261F64DC2000303C28 /* libVuforia.a in Frameworks */ = {isa = PBXBuildFile; fileRef = A96AFF251F64DC2000303C28 /* libVuforia.a */; };
		A96AFF281F64EE2700303C28 /* ExtendSquatViewController.swift in Sources */ = {isa = PBXBuildFile; fileRef = A96AFF271F64EE2700303C28 /* ExtendSquatViewController.swift */; };
/* End PBXBuildFile section */

/* Begin PBXFileReference section */
		01DF36BA6494B3E20FECC306 /* Pods-VuforiaSampleSwift.debug.xcconfig */ = {isa = PBXFileReference; includeInIndex = 1; lastKnownFileType = text.xcconfig; name = "Pods-VuforiaSampleSwift.debug.xcconfig"; path = "Pods/Target Support Files/Pods-VuforiaSampleSwift/Pods-VuforiaSampleSwift.debug.xcconfig"; sourceTree = "<group>"; };
		08901F95E2EAA43CD3208B3C /* Pods_VuforiaSampleSwift.framework */ = {isa = PBXFileReference; explicitFileType = wrapper.framework; includeInIndex = 0; path = Pods_VuforiaSampleSwift.framework; sourceTree = BUILT_PRODUCTS_DIR; };
		6317A0401F64678100B5AEAF /* ARManager.swift */ = {isa = PBXFileReference; fileEncoding = 4; lastKnownFileType = sourcecode.swift; path = ARManager.swift; sourceTree = "<group>"; };
		63915D3C1F647AAD00A97D84 /* hackbomo-2.xml */ = {isa = PBXFileReference; fileEncoding = 4; lastKnownFileType = text.xml; name = "hackbomo-2.xml"; path = "VuforiaSampleSwift/hackbomo-2.xml"; sourceTree = SOURCE_ROOT; };
		63915D3D1F647AAD00A97D84 /* hackbomo-2.dat */ = {isa = PBXFileReference; lastKnownFileType = file; name = "hackbomo-2.dat"; path = "VuforiaSampleSwift/hackbomo-2.dat"; sourceTree = SOURCE_ROOT; };
		63915D421F64D0BE00A97D84 /* CategoryViewController.swift */ = {isa = PBXFileReference; fileEncoding = 4; lastKnownFileType = sourcecode.swift; path = CategoryViewController.swift; sourceTree = "<group>"; };
		63915D441F64D11C00A97D84 /* IntroViewController.swift */ = {isa = PBXFileReference; fileEncoding = 4; lastKnownFileType = sourcecode.swift; path = IntroViewController.swift; sourceTree = "<group>"; };
		63915D461F64D32600A97D84 /* Main.storyboard */ = {isa = PBXFileReference; fileEncoding = 4; lastKnownFileType = file.storyboard; path = Main.storyboard; sourceTree = "<group>"; };
		63915D491F64D87800A97D84 /* SquatPop.swift */ = {isa = PBXFileReference; fileEncoding = 4; lastKnownFileType = sourcecode.swift; path = SquatPop.swift; sourceTree = "<group>"; };
		63915D4B1F64D8C400A97D84 /* JumpPop.swift */ = {isa = PBXFileReference; fileEncoding = 4; lastKnownFileType = sourcecode.swift; path = JumpPop.swift; sourceTree = "<group>"; };
		63915D4D1F64DACE00A97D84 /* SquatStatsViewController.swift */ = {isa = PBXFileReference; fileEncoding = 4; lastKnownFileType = sourcecode.swift; path = SquatStatsViewController.swift; sourceTree = "<group>"; };
		63915D4F1F64E36200A97D84 /* RealmManager.swift */ = {isa = PBXFileReference; fileEncoding = 4; lastKnownFileType = sourcecode.swift; path = RealmManager.swift; sourceTree = "<group>"; };
		63915D531F64F5CD00A97D84 /* HudViewController.swift */ = {isa = PBXFileReference; fileEncoding = 4; lastKnownFileType = sourcecode.swift; path = HudViewController.swift; sourceTree = "<group>"; };
		63915D551F65063F00A97D84 /* Session.swift */ = {isa = PBXFileReference; fileEncoding = 4; lastKnownFileType = sourcecode.swift; path = Session.swift; sourceTree = "<group>"; };
		63915D5F1F65111800A97D84 /* hackbomo-3.dat */ = {isa = PBXFileReference; lastKnownFileType = file; name = "hackbomo-3.dat"; path = "VuforiaSampleSwift/hackbomo-3.dat"; sourceTree = SOURCE_ROOT; };
		63915D601F65111E00A97D84 /* hackbomo-3.xml */ = {isa = PBXFileReference; fileEncoding = 4; lastKnownFileType = text.xml; name = "hackbomo-3.xml"; path = "VuforiaSampleSwift/hackbomo-3.xml"; sourceTree = SOURCE_ROOT; };
		639D3EE51F60CF210059EF83 /* StonesAndChips.dat */ = {isa = PBXFileReference; lastKnownFileType = file; name = StonesAndChips.dat; path = VuforiaSampleSwift/StonesAndChips.dat; sourceTree = SOURCE_ROOT; };
		639D3EE61F60CF210059EF83 /* StonesAndChips.xml */ = {isa = PBXFileReference; fileEncoding = 4; lastKnownFileType = text.xml; name = StonesAndChips.xml; path = VuforiaSampleSwift/StonesAndChips.xml; sourceTree = SOURCE_ROOT; };
		639D3EE71F60CF210059EF83 /* Tarmac.dat */ = {isa = PBXFileReference; lastKnownFileType = file; name = Tarmac.dat; path = VuforiaSampleSwift/Tarmac.dat; sourceTree = SOURCE_ROOT; };
		639D3EE81F60CF210059EF83 /* Tarmac.xml */ = {isa = PBXFileReference; fileEncoding = 4; lastKnownFileType = text.xml; name = Tarmac.xml; path = VuforiaSampleSwift/Tarmac.xml; sourceTree = SOURCE_ROOT; };
		639D3EED1F60CF3A0059EF83 /* IT_about.html */ = {isa = PBXFileReference; fileEncoding = 4; lastKnownFileType = text.html; name = IT_about.html; path = VuforiaSampleSwift/IT_about.html; sourceTree = SOURCE_ROOT; };
		639D3EEE1F60CF3A0059EF83 /* IT.png */ = {isa = PBXFileReference; lastKnownFileType = image.png; name = IT.png; path = VuforiaSampleSwift/IT.png; sourceTree = SOURCE_ROOT; };
		7015F4523AC061B33C72F6B1 /* Pods-VuforiaSampleSwift.release.xcconfig */ = {isa = PBXFileReference; includeInIndex = 1; lastKnownFileType = text.xcconfig; name = "Pods-VuforiaSampleSwift.release.xcconfig"; path = "Pods/Target Support Files/Pods-VuforiaSampleSwift/Pods-VuforiaSampleSwift.release.xcconfig"; sourceTree = "<group>"; };
		926096D31D4163B600510C24 /* SpriteKit.framework */ = {isa = PBXFileReference; lastKnownFileType = wrapper.framework; name = SpriteKit.framework; path = System/Library/Frameworks/SpriteKit.framework; sourceTree = SDKROOT; };
		927B76D31D27FDC600C4F5CC /* AudioToolbox.framework */ = {isa = PBXFileReference; lastKnownFileType = wrapper.framework; name = AudioToolbox.framework; path = System/Library/Frameworks/AudioToolbox.framework; sourceTree = SDKROOT; };
		927B76D41D27FDC600C4F5CC /* AVFoundation.framework */ = {isa = PBXFileReference; lastKnownFileType = wrapper.framework; name = AVFoundation.framework; path = System/Library/Frameworks/AVFoundation.framework; sourceTree = SDKROOT; };
		927B76D51D27FDC600C4F5CC /* CoreMotion.framework */ = {isa = PBXFileReference; lastKnownFileType = wrapper.framework; name = CoreMotion.framework; path = System/Library/Frameworks/CoreMotion.framework; sourceTree = SDKROOT; };
		927B76D91D27FDE500C4F5CC /* SceneKit.framework */ = {isa = PBXFileReference; lastKnownFileType = wrapper.framework; name = SceneKit.framework; path = System/Library/Frameworks/SceneKit.framework; sourceTree = SDKROOT; };
		927B76DA1D27FDE500C4F5CC /* SystemConfiguration.framework */ = {isa = PBXFileReference; lastKnownFileType = wrapper.framework; name = SystemConfiguration.framework; path = System/Library/Frameworks/SystemConfiguration.framework; sourceTree = SDKROOT; };
		927B76DD1D27FE0500C4F5CC /* CoreMedia.framework */ = {isa = PBXFileReference; lastKnownFileType = wrapper.framework; name = CoreMedia.framework; path = System/Library/Frameworks/CoreMedia.framework; sourceTree = SDKROOT; };
		927B76E41D2806EF00C4F5CC /* VuforiaEAGLView.h */ = {isa = PBXFileReference; fileEncoding = 4; lastKnownFileType = sourcecode.c.h; name = VuforiaEAGLView.h; path = VuforiaManager/VuforiaEAGLView.h; sourceTree = "<group>"; };
		927B76E51D2806EF00C4F5CC /* VuforiaEAGLView.mm */ = {isa = PBXFileReference; fileEncoding = 4; lastKnownFileType = sourcecode.cpp.objcpp; name = VuforiaEAGLView.mm; path = VuforiaManager/VuforiaEAGLView.mm; sourceTree = "<group>"; };
		927B76E61D2806EF00C4F5CC /* VuforiaManager.h */ = {isa = PBXFileReference; fileEncoding = 4; lastKnownFileType = sourcecode.c.h; name = VuforiaManager.h; path = VuforiaManager/VuforiaManager.h; sourceTree = "<group>"; };
		927B76E71D2806EF00C4F5CC /* VuforiaManager.mm */ = {isa = PBXFileReference; fileEncoding = 4; lastKnownFileType = sourcecode.cpp.objcpp; name = VuforiaManager.mm; path = VuforiaManager/VuforiaManager.mm; sourceTree = "<group>"; };
		927B76E81D2806EF00C4F5CC /* VuforiaObjects.h */ = {isa = PBXFileReference; fileEncoding = 4; lastKnownFileType = sourcecode.c.h; name = VuforiaObjects.h; path = VuforiaManager/VuforiaObjects.h; sourceTree = "<group>"; };
		927B76E91D2806EF00C4F5CC /* VuforiaObjects.mm */ = {isa = PBXFileReference; fileEncoding = 4; lastKnownFileType = sourcecode.cpp.objcpp; name = VuforiaObjects.mm; path = VuforiaManager/VuforiaObjects.mm; sourceTree = "<group>"; };
		927B76FB1D2816DB00C4F5CC /* VuforiaShaderUtils.h */ = {isa = PBXFileReference; fileEncoding = 4; lastKnownFileType = sourcecode.c.h; name = VuforiaShaderUtils.h; path = VuforiaManager/VuforiaShaderUtils.h; sourceTree = "<group>"; };
		927B76FC1D2816DB00C4F5CC /* VuforiaShaderUtils.m */ = {isa = PBXFileReference; fileEncoding = 4; lastKnownFileType = sourcecode.c.objc; name = VuforiaShaderUtils.m; path = VuforiaManager/VuforiaShaderUtils.m; sourceTree = "<group>"; };
		927B77071D2824AB00C4F5CC /* OpenGLES.framework */ = {isa = PBXFileReference; lastKnownFileType = wrapper.framework; name = OpenGLES.framework; path = System/Library/Frameworks/OpenGLES.framework; sourceTree = SDKROOT; };
		927B770A1D282E0A00C4F5CC /* MediaPlayer.framework */ = {isa = PBXFileReference; lastKnownFileType = wrapper.framework; name = MediaPlayer.framework; path = System/Library/Frameworks/MediaPlayer.framework; sourceTree = SDKROOT; };
		92AA11051D27A5EB00E56CBE /* VuforiaSampleSwift.app */ = {isa = PBXFileReference; explicitFileType = wrapper.application; includeInIndex = 0; path = VuforiaSampleSwift.app; sourceTree = BUILT_PRODUCTS_DIR; };
		92AA11081D27A5EB00E56CBE /* AppDelegate.swift */ = {isa = PBXFileReference; lastKnownFileType = sourcecode.swift; path = AppDelegate.swift; sourceTree = "<group>"; };
		92AA110A1D27A5EB00E56CBE /* ViewController.swift */ = {isa = PBXFileReference; lastKnownFileType = sourcecode.swift; path = ViewController.swift; sourceTree = "<group>"; };
		92AA110F1D27A5EB00E56CBE /* Assets.xcassets */ = {isa = PBXFileReference; lastKnownFileType = folder.assetcatalog; path = Assets.xcassets; sourceTree = "<group>"; };
		92AA11121D27A5EB00E56CBE /* Base */ = {isa = PBXFileReference; lastKnownFileType = file.storyboard; name = Base; path = Base.lproj/LaunchScreen.storyboard; sourceTree = "<group>"; };
		92AA11141D27A5EB00E56CBE /* Info.plist */ = {isa = PBXFileReference; lastKnownFileType = text.plist.xml; path = Info.plist; sourceTree = "<group>"; };
		92AA11801D27A6CD00E56CBE /* VuforiaSampleSwift-Bridging-Header.h */ = {isa = PBXFileReference; lastKnownFileType = sourcecode.c.h; path = "VuforiaSampleSwift-Bridging-Header.h"; sourceTree = "<group>"; };
		92AA11841D27B96300E56CBE /* Localizable.strings */ = {isa = PBXFileReference; fileEncoding = 4; lastKnownFileType = text.plist.strings; path = Localizable.strings; sourceTree = "<group>"; };
		9F60FACC791D1EB5B9B39220 /* Pods_VuforiaSampleSwift.framework */ = {isa = PBXFileReference; explicitFileType = wrapper.framework; includeInIndex = 0; path = Pods_VuforiaSampleSwift.framework; sourceTree = BUILT_PRODUCTS_DIR; };
		A96AFF211F64DB4500303C28 /* libVuforia.a */ = {isa = PBXFileReference; lastKnownFileType = archive.ar; name = libVuforia.a; path = "VuforiaSampleSwift/vuforia-sdk-ios-6-5-19/build/lib/arm/libVuforia.a"; sourceTree = "<group>"; };
		A96AFF231F64DC0A00303C28 /* vuforia-sdk-ios-6-2-9 */ = {isa = PBXFileReference; lastKnownFileType = folder; path = "vuforia-sdk-ios-6-2-9"; sourceTree = "<group>"; };
		A96AFF251F64DC2000303C28 /* libVuforia.a */ = {isa = PBXFileReference; lastKnownFileType = archive.ar; name = libVuforia.a; path = "VuforiaSampleSwift/vuforia-sdk-ios-6-2-9/build/lib/arm/libVuforia.a"; sourceTree = "<group>"; };
		A96AFF271F64EE2700303C28 /* ExtendSquatViewController.swift */ = {isa = PBXFileReference; fileEncoding = 4; lastKnownFileType = sourcecode.swift; path = ExtendSquatViewController.swift; sourceTree = "<group>"; };
/* End PBXFileReference section */

/* Begin PBXFrameworksBuildPhase section */
		92AA11021D27A5EB00E56CBE /* Frameworks */ = {
			isa = PBXFrameworksBuildPhase;
			buildActionMask = 2147483647;
			files = (
				A96AFF261F64DC2000303C28 /* libVuforia.a in Frameworks */,
				926096D41D4163B600510C24 /* SpriteKit.framework in Frameworks */,
				927B770B1D282E0A00C4F5CC /* MediaPlayer.framework in Frameworks */,
				927B77091D282DF100C4F5CC /* AudioToolbox.framework in Frameworks */,
				927B77081D2824AB00C4F5CC /* OpenGLES.framework in Frameworks */,
				927B76DE1D27FE0500C4F5CC /* CoreMedia.framework in Frameworks */,
				927B76DB1D27FDE500C4F5CC /* SceneKit.framework in Frameworks */,
				927B76DC1D27FDE500C4F5CC /* SystemConfiguration.framework in Frameworks */,
				927B76D71D27FDC600C4F5CC /* AVFoundation.framework in Frameworks */,
				927B76D81D27FDC600C4F5CC /* CoreMotion.framework in Frameworks */,
				0752131D3B11170367AAEC93 /* Pods_VuforiaSampleSwift.framework in Frameworks */,
				416346210B2E4460383F7B00 /* Pods_VuforiaSampleSwift.framework in Frameworks */,
			);
			runOnlyForDeploymentPostprocessing = 0;
		};
/* End PBXFrameworksBuildPhase section */

/* Begin PBXGroup section */
		0C460C716C5A5B075A5ED5A9 /* Frameworks */ = {
			isa = PBXGroup;
			children = (
				9F60FACC791D1EB5B9B39220 /* Pods_VuforiaSampleSwift.framework */,
			);
			name = Frameworks;
			sourceTree = "<group>";
		};
		3E16131FE9FF619025B35EAA /* Pods */ = {
			isa = PBXGroup;
			children = (
				01DF36BA6494B3E20FECC306 /* Pods-VuforiaSampleSwift.debug.xcconfig */,
				7015F4523AC061B33C72F6B1 /* Pods-VuforiaSampleSwift.release.xcconfig */,
			);
			name = Pods;
			sourceTree = "<group>";
		};
		63915D481F64D6B600A97D84 /* ViewControllers */ = {
			isa = PBXGroup;
			children = (
				92AA110A1D27A5EB00E56CBE /* ViewController.swift */,
				63915D421F64D0BE00A97D84 /* CategoryViewController.swift */,
				63915D441F64D11C00A97D84 /* IntroViewController.swift */,
				63915D491F64D87800A97D84 /* SquatPop.swift */,
				63915D4B1F64D8C400A97D84 /* JumpPop.swift */,
				63915D4D1F64DACE00A97D84 /* SquatStatsViewController.swift */,
				A96AFF271F64EE2700303C28 /* ExtendSquatViewController.swift */,
			);
			name = ViewControllers;
			sourceTree = "<group>";
		};
		927B76DF1D27FE5900C4F5CC /* Frameworks */ = {
			isa = PBXGroup;
			children = (
				926096D31D4163B600510C24 /* SpriteKit.framework */,
				927B770A1D282E0A00C4F5CC /* MediaPlayer.framework */,
				927B77071D2824AB00C4F5CC /* OpenGLES.framework */,
				927B76DD1D27FE0500C4F5CC /* CoreMedia.framework */,
				927B76D91D27FDE500C4F5CC /* SceneKit.framework */,
				927B76DA1D27FDE500C4F5CC /* SystemConfiguration.framework */,
				927B76D31D27FDC600C4F5CC /* AudioToolbox.framework */,
				927B76D41D27FDC600C4F5CC /* AVFoundation.framework */,
				927B76D51D27FDC600C4F5CC /* CoreMotion.framework */,
			);
			name = Frameworks;
			path = ..;
			sourceTree = "<group>";
		};
		927B76E31D27FF2300C4F5CC /* VuforiaManager */ = {
			isa = PBXGroup;
			children = (
				927B76E41D2806EF00C4F5CC /* VuforiaEAGLView.h */,
				927B76E51D2806EF00C4F5CC /* VuforiaEAGLView.mm */,
				927B76FB1D2816DB00C4F5CC /* VuforiaShaderUtils.h */,
				927B76FC1D2816DB00C4F5CC /* VuforiaShaderUtils.m */,
				927B76E61D2806EF00C4F5CC /* VuforiaManager.h */,
				927B76E71D2806EF00C4F5CC /* VuforiaManager.mm */,
				927B76E81D2806EF00C4F5CC /* VuforiaObjects.h */,
				927B76E91D2806EF00C4F5CC /* VuforiaObjects.mm */,
			);
			name = VuforiaManager;
			sourceTree = "<group>";
		};
		927B76ED1D28070D00C4F5CC /* VuforiaAssets */ = {
			isa = PBXGroup;
			children = (
				92DCE9B41E37CEA400E0DE1C /* ImageTargets */,
			);
			path = VuforiaAssets;
			sourceTree = "<group>";
		};
		92AA10FC1D27A5EB00E56CBE = {
			isa = PBXGroup;
			children = (
				92AA11071D27A5EB00E56CBE /* VuforiaSampleSwift */,
				92AA11061D27A5EB00E56CBE /* Products */,
				A96AFF201F64DB4500303C28 /* Frameworks */,
				3E16131FE9FF619025B35EAA /* Pods */,
				0C460C716C5A5B075A5ED5A9 /* Frameworks */,
			);
			sourceTree = "<group>";
		};
		92AA11061D27A5EB00E56CBE /* Products */ = {
			isa = PBXGroup;
			children = (
				92AA11051D27A5EB00E56CBE /* VuforiaSampleSwift.app */,
			);
			name = Products;
			sourceTree = "<group>";
		};
		92AA11071D27A5EB00E56CBE /* VuforiaSampleSwift */ = {
			isa = PBXGroup;
			children = (
				92AA11801D27A6CD00E56CBE /* VuforiaSampleSwift-Bridging-Header.h */,
				63915D4F1F64E36200A97D84 /* RealmManager.swift */,
				63915D551F65063F00A97D84 /* Session.swift */,
				927B76E31D27FF2300C4F5CC /* VuforiaManager */,
				927B76ED1D28070D00C4F5CC /* VuforiaAssets */,
				92AA11081D27A5EB00E56CBE /* AppDelegate.swift */,
				6317A0401F64678100B5AEAF /* ARManager.swift */,
				63915D481F64D6B600A97D84 /* ViewControllers */,
				92AA110F1D27A5EB00E56CBE /* Assets.xcassets */,
				63915D461F64D32600A97D84 /* Main.storyboard */,
				63915D531F64F5CD00A97D84 /* HudViewController.swift */,
				92AA11111D27A5EB00E56CBE /* LaunchScreen.storyboard */,
				92AA11141D27A5EB00E56CBE /* Info.plist */,
				92AA11841D27B96300E56CBE /* Localizable.strings */,
				A96AFF231F64DC0A00303C28 /* vuforia-sdk-ios-6-2-9 */,
				927B76DF1D27FE5900C4F5CC /* Frameworks */,
			);
			path = VuforiaSampleSwift;
			sourceTree = "<group>";
		};
		92DCE9B41E37CEA400E0DE1C /* ImageTargets */ = {
			isa = PBXGroup;
			children = (
				63915D3C1F647AAD00A97D84 /* hackbomo-2.xml */,
				63915D3D1F647AAD00A97D84 /* hackbomo-2.dat */,
				63915D601F65111E00A97D84 /* hackbomo-3.xml */,
				63915D5F1F65111800A97D84 /* hackbomo-3.dat */,
				639D3EED1F60CF3A0059EF83 /* IT_about.html */,
				639D3EEE1F60CF3A0059EF83 /* IT.png */,
				639D3EE51F60CF210059EF83 /* StonesAndChips.dat */,
				639D3EE61F60CF210059EF83 /* StonesAndChips.xml */,
				639D3EE71F60CF210059EF83 /* Tarmac.dat */,
				639D3EE81F60CF210059EF83 /* Tarmac.xml */,
			);
			path = ImageTargets;
			sourceTree = "<group>";
		};
		A96AFF201F64DB4500303C28 /* Frameworks */ = {
			isa = PBXGroup;
			children = (
				A96AFF251F64DC2000303C28 /* libVuforia.a */,
				A96AFF211F64DB4500303C28 /* libVuforia.a */,
				08901F95E2EAA43CD3208B3C /* Pods_VuforiaSampleSwift.framework */,
			);
			name = Frameworks;
			sourceTree = "<group>";
		};
/* End PBXGroup section */

/* Begin PBXNativeTarget section */
		92AA11041D27A5EB00E56CBE /* VuforiaSampleSwift */ = {
			isa = PBXNativeTarget;
			buildConfigurationList = 92AA11171D27A5EB00E56CBE /* Build configuration list for PBXNativeTarget "VuforiaSampleSwift" */;
			buildPhases = (
				9F36CC7B2FAAB2B09C8A2CEF /* [CP] Check Pods Manifest.lock */,
				92AA11011D27A5EB00E56CBE /* Sources */,
				92AA11021D27A5EB00E56CBE /* Frameworks */,
				92AA11031D27A5EB00E56CBE /* Resources */,
				74B1AC0041AFB71642DE68BE /* [CP] Embed Pods Frameworks */,
				3F227948DB6A30D580BAD9B3 /* [CP] Copy Pods Resources */,
			);
			buildRules = (
			);
			dependencies = (
			);
			name = VuforiaSampleSwift;
			productName = VuforiaSampleSwift;
			productReference = 92AA11051D27A5EB00E56CBE /* VuforiaSampleSwift.app */;
			productType = "com.apple.product-type.application";
		};
/* End PBXNativeTarget section */

/* Begin PBXProject section */
		92AA10FD1D27A5EB00E56CBE /* Project object */ = {
			isa = PBXProject;
			attributes = {
				LastSwiftUpdateCheck = 0730;
				LastUpgradeCheck = 0800;
				ORGANIZATIONNAME = "Yoshihiro Kato";
				TargetAttributes = {
					92AA11041D27A5EB00E56CBE = {
						CreatedOnToolsVersion = 7.3.1;
						DevelopmentTeam = 3D642QE477;
						LastSwiftMigration = 0800;
						ProvisioningStyle = Automatic;
					};
				};
			};
			buildConfigurationList = 92AA11001D27A5EB00E56CBE /* Build configuration list for PBXProject "VuforiaSampleSwift" */;
			compatibilityVersion = "Xcode 3.2";
			developmentRegion = English;
			hasScannedForEncodings = 0;
			knownRegions = (
				en,
				Base,
			);
			mainGroup = 92AA10FC1D27A5EB00E56CBE;
			productRefGroup = 92AA11061D27A5EB00E56CBE /* Products */;
			projectDirPath = "";
			projectRoot = "";
			targets = (
				92AA11041D27A5EB00E56CBE /* VuforiaSampleSwift */,
			);
		};
/* End PBXProject section */

/* Begin PBXResourcesBuildPhase section */
		92AA11031D27A5EB00E56CBE /* Resources */ = {
			isa = PBXResourcesBuildPhase;
			buildActionMask = 2147483647;
			files = (
				63915D621F65113A00A97D84 /* hackbomo-3.dat in Resources */,
				639D3EF01F60CF3A0059EF83 /* IT.png in Resources */,
				63915D611F65111E00A97D84 /* hackbomo-3.xml in Resources */,
				92AA11131D27A5EB00E56CBE /* LaunchScreen.storyboard in Resources */,
				A96AFF241F64DC0A00303C28 /* vuforia-sdk-ios-6-2-9 in Resources */,
				92AA11101D27A5EB00E56CBE /* Assets.xcassets in Resources */,
				639D3EEA1F60CF210059EF83 /* StonesAndChips.xml in Resources */,
				63915D471F64D32600A97D84 /* Main.storyboard in Resources */,
				92AA11851D27B96300E56CBE /* Localizable.strings in Resources */,
				639D3EEC1F60CF210059EF83 /* Tarmac.xml in Resources */,
				639D3EEB1F60CF210059EF83 /* Tarmac.dat in Resources */,
				63915D3F1F647AAD00A97D84 /* hackbomo-2.dat in Resources */,
				639D3EE91F60CF210059EF83 /* StonesAndChips.dat in Resources */,
				63915D3E1F647AAD00A97D84 /* hackbomo-2.xml in Resources */,
				639D3EEF1F60CF3A0059EF83 /* IT_about.html in Resources */,
			);
			runOnlyForDeploymentPostprocessing = 0;
		};
/* End PBXResourcesBuildPhase section */

/* Begin PBXShellScriptBuildPhase section */
		3F227948DB6A30D580BAD9B3 /* [CP] Copy Pods Resources */ = {
			isa = PBXShellScriptBuildPhase;
			buildActionMask = 2147483647;
			files = (
			);
			inputPaths = (
			);
			name = "[CP] Copy Pods Resources";
			outputPaths = (
			);
			runOnlyForDeploymentPostprocessing = 0;
			shellPath = /bin/sh;
			shellScript = "\"${SRCROOT}/Pods/Target Support Files/Pods-VuforiaSampleSwift/Pods-VuforiaSampleSwift-resources.sh\"\n";
			showEnvVarsInLog = 0;
		};
		74B1AC0041AFB71642DE68BE /* [CP] Embed Pods Frameworks */ = {
			isa = PBXShellScriptBuildPhase;
			buildActionMask = 2147483647;
			files = (
			);
			inputPaths = (
				"${SRCROOT}/Pods/Target Support Files/Pods-VuforiaSampleSwift/Pods-VuforiaSampleSwift-frameworks.sh",
				"${BUILT_PRODUCTS_DIR}/Realm/Realm.framework",
				"${BUILT_PRODUCTS_DIR}/RealmSwift/RealmSwift.framework",
			);
			name = "[CP] Embed Pods Frameworks";
			outputPaths = (
				"${TARGET_BUILD_DIR}/${FRAMEWORKS_FOLDER_PATH}/Realm.framework",
				"${TARGET_BUILD_DIR}/${FRAMEWORKS_FOLDER_PATH}/RealmSwift.framework",
			);
			runOnlyForDeploymentPostprocessing = 0;
			shellPath = /bin/sh;
			shellScript = "\"${SRCROOT}/Pods/Target Support Files/Pods-VuforiaSampleSwift/Pods-VuforiaSampleSwift-frameworks.sh\"\n";
			showEnvVarsInLog = 0;
		};
		9F36CC7B2FAAB2B09C8A2CEF /* [CP] Check Pods Manifest.lock */ = {
			isa = PBXShellScriptBuildPhase;
			buildActionMask = 2147483647;
			files = (
			);
			inputPaths = (
				"${PODS_PODFILE_DIR_PATH}/Podfile.lock",
				"${PODS_ROOT}/Manifest.lock",
			);
			name = "[CP] Check Pods Manifest.lock";
			outputPaths = (
				"$(DERIVED_FILE_DIR)/Pods-VuforiaSampleSwift-checkManifestLockResult.txt",
			);
			runOnlyForDeploymentPostprocessing = 0;
			shellPath = /bin/sh;
			shellScript = "diff \"${PODS_PODFILE_DIR_PATH}/Podfile.lock\" \"${PODS_ROOT}/Manifest.lock\" > /dev/null\nif [ $? != 0 ] ; then\n    # print error to STDERR\n    echo \"error: The sandbox is not in sync with the Podfile.lock. Run 'pod install' or update your CocoaPods installation.\" >&2\n    exit 1\nfi\n# This output is used by Xcode 'outputs' to avoid re-running this script phase.\necho \"SUCCESS\" > \"${SCRIPT_OUTPUT_FILE_0}\"\n";
			showEnvVarsInLog = 0;
		};
/* End PBXShellScriptBuildPhase section */

/* Begin PBXSourcesBuildPhase section */
		92AA11011D27A5EB00E56CBE /* Sources */ = {
			isa = PBXSourcesBuildPhase;
			buildActionMask = 2147483647;
			files = (
				927B76EA1D2806EF00C4F5CC /* VuforiaEAGLView.mm in Sources */,
				6317A0411F64678100B5AEAF /* ARManager.swift in Sources */,
				927B76FD1D2816DB00C4F5CC /* VuforiaShaderUtils.m in Sources */,
				92AA110B1D27A5EB00E56CBE /* ViewController.swift in Sources */,
				92AA11091D27A5EB00E56CBE /* AppDelegate.swift in Sources */,
				63915D501F64E36200A97D84 /* RealmManager.swift in Sources */,
				63915D4A1F64D87800A97D84 /* SquatPop.swift in Sources */,
				63915D451F64D11C00A97D84 /* IntroViewController.swift in Sources */,
				63915D4C1F64D8C400A97D84 /* JumpPop.swift in Sources */,
				927B76EB1D2806EF00C4F5CC /* VuforiaManager.mm in Sources */,
				63915D431F64D0BE00A97D84 /* CategoryViewController.swift in Sources */,
				927B76EC1D2806EF00C4F5CC /* VuforiaObjects.mm in Sources */,
				63915D561F65063F00A97D84 /* Session.swift in Sources */,
				A96AFF281F64EE2700303C28 /* ExtendSquatViewController.swift in Sources */,
				63915D4E1F64DACE00A97D84 /* SquatStatsViewController.swift in Sources */,
				63915D541F64F5CD00A97D84 /* HudViewController.swift in Sources */,
			);
			runOnlyForDeploymentPostprocessing = 0;
		};
/* End PBXSourcesBuildPhase section */

/* Begin PBXVariantGroup section */
		92AA11111D27A5EB00E56CBE /* LaunchScreen.storyboard */ = {
			isa = PBXVariantGroup;
			children = (
				92AA11121D27A5EB00E56CBE /* Base */,
			);
			name = LaunchScreen.storyboard;
			sourceTree = "<group>";
		};
/* End PBXVariantGroup section */

/* Begin XCBuildConfiguration section */
		92AA11151D27A5EB00E56CBE /* Debug */ = {
			isa = XCBuildConfiguration;
			buildSettings = {
				ALWAYS_SEARCH_USER_PATHS = NO;
				CLANG_ANALYZER_NONNULL = YES;
				CLANG_CXX_LANGUAGE_STANDARD = "gnu++0x";
				CLANG_CXX_LIBRARY = "libc++";
				CLANG_ENABLE_MODULES = YES;
				CLANG_ENABLE_OBJC_ARC = YES;
				CLANG_WARN_BOOL_CONVERSION = YES;
				CLANG_WARN_CONSTANT_CONVERSION = YES;
				CLANG_WARN_DIRECT_OBJC_ISA_USAGE = YES_ERROR;
				CLANG_WARN_EMPTY_BODY = YES;
				CLANG_WARN_ENUM_CONVERSION = YES;
				CLANG_WARN_INFINITE_RECURSION = YES;
				CLANG_WARN_INT_CONVERSION = YES;
				CLANG_WARN_OBJC_ROOT_CLASS = YES_ERROR;
				CLANG_WARN_SUSPICIOUS_MOVE = YES;
				CLANG_WARN_UNREACHABLE_CODE = YES;
				CLANG_WARN__DUPLICATE_METHOD_MATCH = YES;
				"CODE_SIGN_IDENTITY[sdk=iphoneos*]" = "iPhone Developer";
				COPY_PHASE_STRIP = NO;
				DEBUG_INFORMATION_FORMAT = dwarf;
				ENABLE_BITCODE = NO;
				ENABLE_STRICT_OBJC_MSGSEND = YES;
				ENABLE_TESTABILITY = YES;
				GCC_C_LANGUAGE_STANDARD = gnu99;
				GCC_DYNAMIC_NO_PIC = NO;
				GCC_NO_COMMON_BLOCKS = YES;
				GCC_OPTIMIZATION_LEVEL = 0;
				GCC_PREPROCESSOR_DEFINITIONS = (
					"DEBUG=1",
					"$(inherited)",
				);
				GCC_WARN_64_TO_32_BIT_CONVERSION = YES;
				GCC_WARN_ABOUT_RETURN_TYPE = YES_ERROR;
				GCC_WARN_UNDECLARED_SELECTOR = YES;
				GCC_WARN_UNINITIALIZED_AUTOS = YES_AGGRESSIVE;
				GCC_WARN_UNUSED_FUNCTION = YES;
				GCC_WARN_UNUSED_VARIABLE = YES;
				IPHONEOS_DEPLOYMENT_TARGET = 9.3;
				MTL_ENABLE_DEBUG_INFO = YES;
				ONLY_ACTIVE_ARCH = YES;
				SDKROOT = iphoneos;
				SWIFT_OPTIMIZATION_LEVEL = "-Onone";
			};
			name = Debug;
		};
		92AA11161D27A5EB00E56CBE /* Release */ = {
			isa = XCBuildConfiguration;
			buildSettings = {
				ALWAYS_SEARCH_USER_PATHS = NO;
				CLANG_ANALYZER_NONNULL = YES;
				CLANG_CXX_LANGUAGE_STANDARD = "gnu++0x";
				CLANG_CXX_LIBRARY = "libc++";
				CLANG_ENABLE_MODULES = YES;
				CLANG_ENABLE_OBJC_ARC = YES;
				CLANG_WARN_BOOL_CONVERSION = YES;
				CLANG_WARN_CONSTANT_CONVERSION = YES;
				CLANG_WARN_DIRECT_OBJC_ISA_USAGE = YES_ERROR;
				CLANG_WARN_EMPTY_BODY = YES;
				CLANG_WARN_ENUM_CONVERSION = YES;
				CLANG_WARN_INFINITE_RECURSION = YES;
				CLANG_WARN_INT_CONVERSION = YES;
				CLANG_WARN_OBJC_ROOT_CLASS = YES_ERROR;
				CLANG_WARN_SUSPICIOUS_MOVE = YES;
				CLANG_WARN_UNREACHABLE_CODE = YES;
				CLANG_WARN__DUPLICATE_METHOD_MATCH = YES;
				"CODE_SIGN_IDENTITY[sdk=iphoneos*]" = "iPhone Developer";
				COPY_PHASE_STRIP = NO;
				DEBUG_INFORMATION_FORMAT = "dwarf-with-dsym";
				ENABLE_BITCODE = NO;
				ENABLE_NS_ASSERTIONS = NO;
				ENABLE_STRICT_OBJC_MSGSEND = YES;
				GCC_C_LANGUAGE_STANDARD = gnu99;
				GCC_NO_COMMON_BLOCKS = YES;
				GCC_WARN_64_TO_32_BIT_CONVERSION = YES;
				GCC_WARN_ABOUT_RETURN_TYPE = YES_ERROR;
				GCC_WARN_UNDECLARED_SELECTOR = YES;
				GCC_WARN_UNINITIALIZED_AUTOS = YES_AGGRESSIVE;
				GCC_WARN_UNUSED_FUNCTION = YES;
				GCC_WARN_UNUSED_VARIABLE = YES;
				IPHONEOS_DEPLOYMENT_TARGET = 9.3;
				MTL_ENABLE_DEBUG_INFO = NO;
				SDKROOT = iphoneos;
				SWIFT_OPTIMIZATION_LEVEL = "-Owholemodule";
				VALIDATE_PRODUCT = YES;
			};
			name = Release;
		};
		92AA11181D27A5EB00E56CBE /* Debug */ = {
			isa = XCBuildConfiguration;
			baseConfigurationReference = 01DF36BA6494B3E20FECC306 /* Pods-VuforiaSampleSwift.debug.xcconfig */;
			buildSettings = {
				ASSETCATALOG_COMPILER_APPICON_NAME = AppIcon;
				CLANG_ENABLE_MODULES = YES;
				"CODE_SIGN_IDENTITY[sdk=iphoneos*]" = "iPhone Developer";
				DEVELOPMENT_TEAM = 3D642QE477;
				ENABLE_BITCODE = NO;
				HEADER_SEARCH_PATHS = "\"$(SRCROOT)/VuforiaSampleSwift/vuforia-sdk-ios-6-2-9/build/include\"";
				INFOPLIST_FILE = VuforiaSampleSwift/Info.plist;
				LD_RUNPATH_SEARCH_PATHS = "$(inherited) @executable_path/Frameworks";
				LIBRARY_SEARCH_PATHS = (
					"$(inherited)",
					"$(PROJECT_DIR)/VuforiaSampleSwift/vuforia-sdk-ios-6-2-9/build/lib/arm",
					"$(PROJECT_DIR)/VuforiaSampleSwift/vuforia-sdk-ios-6-5-19/build/lib/arm",
				);
				PRODUCT_BUNDLE_IDENTIFIER = "com.sputnik-apps.VuforiaSampleSwift";
				PRODUCT_NAME = VuforiaSampleSwift;
				SWIFT_OBJC_BRIDGING_HEADER = "VuforiaSampleSwift/VuforiaSampleSwift-Bridging-Header.h";
				SWIFT_OPTIMIZATION_LEVEL = "-Onone";
				SWIFT_VERSION = 3.0;
				USER_HEADER_SEARCH_PATHS = "";
			};
			name = Debug;
		};
		92AA11191D27A5EB00E56CBE /* Release */ = {
			isa = XCBuildConfiguration;
			baseConfigurationReference = 7015F4523AC061B33C72F6B1 /* Pods-VuforiaSampleSwift.release.xcconfig */;
			buildSettings = {
				ASSETCATALOG_COMPILER_APPICON_NAME = AppIcon;
				CLANG_ENABLE_MODULES = YES;
				"CODE_SIGN_IDENTITY[sdk=iphoneos*]" = "iPhone Developer";
				DEVELOPMENT_TEAM = 3D642QE477;
				ENABLE_BITCODE = NO;
				HEADER_SEARCH_PATHS = "\"$(SRCROOT)/VuforiaSampleSwift/vuforia-sdk-ios-6-2-9/build/include\"";
				INFOPLIST_FILE = VuforiaSampleSwift/Info.plist;
				LD_RUNPATH_SEARCH_PATHS = "$(inherited) @executable_path/Frameworks";
				LIBRARY_SEARCH_PATHS = (
					"$(inherited)",
					"$(PROJECT_DIR)/VuforiaSampleSwift/vuforia-sdk-ios-6-2-9/build/lib/arm",
					"$(PROJECT_DIR)/VuforiaSampleSwift/vuforia-sdk-ios-6-5-19/build/lib/arm",
				);
				PRODUCT_BUNDLE_IDENTIFIER = "com.sputnik-apps.VuforiaSampleSwift";
				PRODUCT_NAME = VuforiaSampleSwift;
				SWIFT_OBJC_BRIDGING_HEADER = "VuforiaSampleSwift/VuforiaSampleSwift-Bridging-Header.h";
				SWIFT_VERSION = 3.0;
				USER_HEADER_SEARCH_PATHS = "";
			};
			name = Release;
		};
/* End XCBuildConfiguration section */

/* Begin XCConfigurationList section */
		92AA11001D27A5EB00E56CBE /* Build configuration list for PBXProject "VuforiaSampleSwift" */ = {
			isa = XCConfigurationList;
			buildConfigurations = (
				92AA11151D27A5EB00E56CBE /* Debug */,
				92AA11161D27A5EB00E56CBE /* Release */,
			);
			defaultConfigurationIsVisible = 0;
			defaultConfigurationName = Release;
		};
		92AA11171D27A5EB00E56CBE /* Build configuration list for PBXNativeTarget "VuforiaSampleSwift" */ = {
			isa = XCConfigurationList;
			buildConfigurations = (
				92AA11181D27A5EB00E56CBE /* Debug */,
				92AA11191D27A5EB00E56CBE /* Release */,
			);
			defaultConfigurationIsVisible = 0;
			defaultConfigurationName = Release;
		};
/* End XCConfigurationList section */
	};
	rootObject = 92AA10FD1D27A5EB00E56CBE /* Project object */;
}
